// !$*UTF8*$!
{
	archiveVersion = 1;
	classes = {
	};
	objectVersion = 46;
	objects = {

/* Begin PBXBuildFile section */
		C3339BEB134AC7B00074163A /* QuartzCore.framework in Frameworks */ = {isa = PBXBuildFile; fileRef = C3339BEA134AC7B00074163A /* QuartzCore.framework */; };
		C3339BED134AC7B00074163A /* OpenGLES.framework in Frameworks */ = {isa = PBXBuildFile; fileRef = C3339BEC134AC7B00074163A /* OpenGLES.framework */; };
		C3339BEF134AC7B00074163A /* OpenAL.framework in Frameworks */ = {isa = PBXBuildFile; fileRef = C3339BEE134AC7B00074163A /* OpenAL.framework */; };
		C3339BF1134AC7B00074163A /* AudioToolbox.framework in Frameworks */ = {isa = PBXBuildFile; fileRef = C3339BF0134AC7B00074163A /* AudioToolbox.framework */; };
		C3339BF3134AC7B00074163A /* AVFoundation.framework in Frameworks */ = {isa = PBXBuildFile; fileRef = C3339BF2134AC7B00074163A /* AVFoundation.framework */; };
		C3339BF5134AC7B00074163A /* UIKit.framework in Frameworks */ = {isa = PBXBuildFile; fileRef = C3339BF4134AC7B00074163A /* UIKit.framework */; };
		C3339BF7134AC7B00074163A /* Foundation.framework in Frameworks */ = {isa = PBXBuildFile; fileRef = C3339BF6134AC7B00074163A /* Foundation.framework */; };
		C3339BF9134AC7B00074163A /* CoreGraphics.framework in Frameworks */ = {isa = PBXBuildFile; fileRef = C3339BF8134AC7B00074163A /* CoreGraphics.framework */; };
		C3339D6B134AD2F40074163A /* PRFilledPolygon.m in Sources */ = {isa = PBXBuildFile; fileRef = C3339D68134AD2F40074163A /* PRFilledPolygon.m */; };
		C3339D6C134AD2F40074163A /* triangulate.cpp in Sources */ = {isa = PBXBuildFile; fileRef = C3339D69134AD2F40074163A /* triangulate.cpp */; };
		C3FCEE6D136120CD00559B90 /* PRRatcliffTriangulator.mm in Sources */ = {isa = PBXBuildFile; fileRef = C3FCEE6C136120CD00559B90 /* PRRatcliffTriangulator.mm */; };
		E632785F161C69E2002B2DCD /* pattern1-hd.png in Resources */ = {isa = PBXBuildFile; fileRef = E632785E161C69E2002B2DCD /* pattern1-hd.png */; };
		E632786D161C6C5B002B2DCD /* Foundation.framework in Frameworks */ = {isa = PBXBuildFile; fileRef = C3339BF6134AC7B00074163A /* Foundation.framework */; };
		E632788E161C6D37002B2DCD /* PRFilledPolygon.m in Sources */ = {isa = PBXBuildFile; fileRef = C3339D68134AD2F40074163A /* PRFilledPolygon.m */; };
		E632788F161C6D37002B2DCD /* PRRatcliffTriangulator.mm in Sources */ = {isa = PBXBuildFile; fileRef = C3FCEE6C136120CD00559B90 /* PRRatcliffTriangulator.mm */; };
		E6327890161C6D37002B2DCD /* triangulate.cpp in Sources */ = {isa = PBXBuildFile; fileRef = C3339D69134AD2F40074163A /* triangulate.cpp */; };
		E6327892161C6DBD002B2DCD /* PRFilledPolygon.h in Headers */ = {isa = PBXBuildFile; fileRef = C3339D67134AD2F40074163A /* PRFilledPolygon.h */; };
		E6327893161C6DBD002B2DCD /* PRTriangulator.h in Headers */ = {isa = PBXBuildFile; fileRef = C3FCEE691361202700559B90 /* PRTriangulator.h */; };
		E6327894161C6DBD002B2DCD /* PRRatcliffTriangulator.h in Headers */ = {isa = PBXBuildFile; fileRef = C3FCEE6B136120CC00559B90 /* PRRatcliffTriangulator.h */; };
		E6327895161C6DBD002B2DCD /* triangulate.h in Headers */ = {isa = PBXBuildFile; fileRef = C3339D6A134AD2F40074163A /* triangulate.h */; };
		E6327896161C6F7A002B2DCD /* CoreGraphics.framework in Frameworks */ = {isa = PBXBuildFile; fileRef = C3339BF8134AC7B00074163A /* CoreGraphics.framework */; };
		E632789A161C6F8D002B2DCD /* CoreFoundation.framework in Frameworks */ = {isa = PBXBuildFile; fileRef = E6327899161C6F8D002B2DCD /* CoreFoundation.framework */; };
		E632789B161C6FCB002B2DCD /* OpenGLES.framework in Frameworks */ = {isa = PBXBuildFile; fileRef = C3339BEC134AC7B00074163A /* OpenGLES.framework */; };
		E632789C161C6FCB002B2DCD /* QuartzCore.framework in Frameworks */ = {isa = PBXBuildFile; fileRef = C3339BEA134AC7B00074163A /* QuartzCore.framework */; };
		E632789D161C6FE3002B2DCD /* UIKit.framework in Frameworks */ = {isa = PBXBuildFile; fileRef = C3339BF4134AC7B00074163A /* UIKit.framework */; };
		E632789E161C703F002B2DCD /* AVFoundation.framework in Frameworks */ = {isa = PBXBuildFile; fileRef = C3339BF2134AC7B00074163A /* AVFoundation.framework */; };
		E632789F161C7054002B2DCD /* OpenAL.framework in Frameworks */ = {isa = PBXBuildFile; fileRef = C3339BEE134AC7B00074163A /* OpenAL.framework */; };
		E6482D4F15FD06BE00277F6B /* fps_images-ipadhd.png in Resources */ = {isa = PBXBuildFile; fileRef = E6482D4D15FD06BE00277F6B /* fps_images-ipadhd.png */; };
		E6482D5015FD06BE00277F6B /* fps_images-hd.png in Resources */ = {isa = PBXBuildFile; fileRef = E6482D4E15FD06BE00277F6B /* fps_images-hd.png */; };
		E68CC16A15FCF78E00AF1D44 /* AppDelegate.m in Sources */ = {isa = PBXBuildFile; fileRef = E68CC16215FCF78E00AF1D44 /* AppDelegate.m */; };
		E68CC16B15FCF78E00AF1D44 /* HelloWorldLayer.m in Sources */ = {isa = PBXBuildFile; fileRef = E68CC16515FCF78E00AF1D44 /* HelloWorldLayer.m */; };
		E68CC16D15FCF78E00AF1D44 /* main.m in Sources */ = {isa = PBXBuildFile; fileRef = E68CC16915FCF78E00AF1D44 /* main.m */; };
		E68CC17A15FCF79B00AF1D44 /* Default.png in Resources */ = {isa = PBXBuildFile; fileRef = E68CC16F15FCF79B00AF1D44 /* Default.png */; };
		E68CC17B15FCF79B00AF1D44 /* fps_images.png in Resources */ = {isa = PBXBuildFile; fileRef = E68CC17015FCF79B00AF1D44 /* fps_images.png */; };
		E68CC17C15FCF79B00AF1D44 /* Icon-72.png in Resources */ = {isa = PBXBuildFile; fileRef = E68CC17115FCF79B00AF1D44 /* Icon-72.png */; };
		E68CC17D15FCF79B00AF1D44 /* Icon-Small-50.png in Resources */ = {isa = PBXBuildFile; fileRef = E68CC17215FCF79B00AF1D44 /* Icon-Small-50.png */; };
		E68CC17E15FCF79B00AF1D44 /* Icon-Small.png in Resources */ = {isa = PBXBuildFile; fileRef = E68CC17315FCF79B00AF1D44 /* Icon-Small.png */; };
		E68CC17F15FCF79B00AF1D44 /* Icon-Small@2x.png in Resources */ = {isa = PBXBuildFile; fileRef = E68CC17415FCF79B00AF1D44 /* Icon-Small@2x.png */; };
		E68CC18015FCF79B00AF1D44 /* Icon.png in Resources */ = {isa = PBXBuildFile; fileRef = E68CC17515FCF79B00AF1D44 /* Icon.png */; };
		E68CC18115FCF79B00AF1D44 /* Icon@2x.png in Resources */ = {isa = PBXBuildFile; fileRef = E68CC17615FCF79B00AF1D44 /* Icon@2x.png */; };
		E68CC18315FCF79B00AF1D44 /* iTunesArtwork in Resources */ = {isa = PBXBuildFile; fileRef = E68CC17815FCF79B00AF1D44 /* iTunesArtwork */; };
		E68CC18415FCF79B00AF1D44 /* pattern1.png in Resources */ = {isa = PBXBuildFile; fileRef = E68CC17915FCF79B00AF1D44 /* pattern1.png */; };
/* End PBXBuildFile section */

/* Begin PBXFileReference section */
		C3339BE6134AC7B00074163A /* cocos2D-PRKit-Example.app */ = {isa = PBXFileReference; explicitFileType = wrapper.application; includeInIndex = 0; path = "cocos2D-PRKit-Example.app"; sourceTree = BUILT_PRODUCTS_DIR; };
		C3339BEA134AC7B00074163A /* QuartzCore.framework */ = {isa = PBXFileReference; lastKnownFileType = wrapper.framework; name = QuartzCore.framework; path = System/Library/Frameworks/QuartzCore.framework; sourceTree = SDKROOT; };
		C3339BEC134AC7B00074163A /* OpenGLES.framework */ = {isa = PBXFileReference; lastKnownFileType = wrapper.framework; name = OpenGLES.framework; path = System/Library/Frameworks/OpenGLES.framework; sourceTree = SDKROOT; };
		C3339BEE134AC7B00074163A /* OpenAL.framework */ = {isa = PBXFileReference; lastKnownFileType = wrapper.framework; name = OpenAL.framework; path = System/Library/Frameworks/OpenAL.framework; sourceTree = SDKROOT; };
		C3339BF0134AC7B00074163A /* AudioToolbox.framework */ = {isa = PBXFileReference; lastKnownFileType = wrapper.framework; name = AudioToolbox.framework; path = System/Library/Frameworks/AudioToolbox.framework; sourceTree = SDKROOT; };
		C3339BF2134AC7B00074163A /* AVFoundation.framework */ = {isa = PBXFileReference; lastKnownFileType = wrapper.framework; name = AVFoundation.framework; path = System/Library/Frameworks/AVFoundation.framework; sourceTree = SDKROOT; };
		C3339BF4134AC7B00074163A /* UIKit.framework */ = {isa = PBXFileReference; lastKnownFileType = wrapper.framework; name = UIKit.framework; path = System/Library/Frameworks/UIKit.framework; sourceTree = SDKROOT; };
		C3339BF6134AC7B00074163A /* Foundation.framework */ = {isa = PBXFileReference; lastKnownFileType = wrapper.framework; name = Foundation.framework; path = System/Library/Frameworks/Foundation.framework; sourceTree = SDKROOT; };
		C3339BF8134AC7B00074163A /* CoreGraphics.framework */ = {isa = PBXFileReference; lastKnownFileType = wrapper.framework; name = CoreGraphics.framework; path = System/Library/Frameworks/CoreGraphics.framework; sourceTree = SDKROOT; };
		C3339D67134AD2F40074163A /* PRFilledPolygon.h */ = {isa = PBXFileReference; fileEncoding = 4; lastKnownFileType = sourcecode.c.h; path = PRFilledPolygon.h; sourceTree = "<group>"; };
		C3339D68134AD2F40074163A /* PRFilledPolygon.m */ = {isa = PBXFileReference; fileEncoding = 4; lastKnownFileType = sourcecode.c.objc; path = PRFilledPolygon.m; sourceTree = "<group>"; };
		C3339D69134AD2F40074163A /* triangulate.cpp */ = {isa = PBXFileReference; fileEncoding = 4; lastKnownFileType = sourcecode.cpp.cpp; path = triangulate.cpp; sourceTree = "<group>"; };
		C3339D6A134AD2F40074163A /* triangulate.h */ = {isa = PBXFileReference; fileEncoding = 4; lastKnownFileType = sourcecode.c.h; path = triangulate.h; sourceTree = "<group>"; };
		C3339D6F134AD4530074163A /* README.markdown */ = {isa = PBXFileReference; lastKnownFileType = text; path = README.markdown; sourceTree = "<group>"; };
		C3FCEE691361202700559B90 /* PRTriangulator.h */ = {isa = PBXFileReference; fileEncoding = 4; lastKnownFileType = sourcecode.c.h; path = PRTriangulator.h; sourceTree = "<group>"; };
		C3FCEE6B136120CC00559B90 /* PRRatcliffTriangulator.h */ = {isa = PBXFileReference; fileEncoding = 4; lastKnownFileType = sourcecode.c.h; path = PRRatcliffTriangulator.h; sourceTree = "<group>"; };
		C3FCEE6C136120CD00559B90 /* PRRatcliffTriangulator.mm */ = {isa = PBXFileReference; fileEncoding = 4; lastKnownFileType = sourcecode.cpp.objcpp; path = PRRatcliffTriangulator.mm; sourceTree = "<group>"; };
		E632785E161C69E2002B2DCD /* pattern1-hd.png */ = {isa = PBXFileReference; lastKnownFileType = image.png; path = "pattern1-hd.png"; sourceTree = "<group>"; };
		E632786C161C6C5B002B2DCD /* libprkit.a */ = {isa = PBXFileReference; explicitFileType = archive.ar; includeInIndex = 0; path = libprkit.a; sourceTree = BUILT_PRODUCTS_DIR; };
		E6327870161C6C5B002B2DCD /* prkit-Prefix.pch */ = {isa = PBXFileReference; lastKnownFileType = sourcecode.c.h; path = "prkit-Prefix.pch"; sourceTree = "<group>"; };
		E632787D161C6C74002B2DCD /* libprkit_script.a */ = {isa = PBXFileReference; explicitFileType = archive.ar; includeInIndex = 0; path = libprkit_script.a; sourceTree = BUILT_PRODUCTS_DIR; };
		E6327897161C6F7A002B2DCD /* libz.dylib */ = {isa = PBXFileReference; lastKnownFileType = "compiled.mach-o.dylib"; name = libz.dylib; path = usr/lib/libz.dylib; sourceTree = SDKROOT; };
		E6327899161C6F8D002B2DCD /* CoreFoundation.framework */ = {isa = PBXFileReference; lastKnownFileType = wrapper.framework; name = CoreFoundation.framework; path = System/Library/Frameworks/CoreFoundation.framework; sourceTree = SDKROOT; };
		E6482D4D15FD06BE00277F6B /* fps_images-ipadhd.png */ = {isa = PBXFileReference; lastKnownFileType = image.png; path = "fps_images-ipadhd.png"; sourceTree = "<group>"; };
		E6482D4E15FD06BE00277F6B /* fps_images-hd.png */ = {isa = PBXFileReference; lastKnownFileType = image.png; path = "fps_images-hd.png"; sourceTree = "<group>"; };
		E68CC16115FCF78E00AF1D44 /* AppDelegate.h */ = {isa = PBXFileReference; fileEncoding = 4; lastKnownFileType = sourcecode.c.h; name = AppDelegate.h; path = "cocos2d-filledPolygon/AppDelegate.h"; sourceTree = "<group>"; };
		E68CC16215FCF78E00AF1D44 /* AppDelegate.m */ = {isa = PBXFileReference; fileEncoding = 4; lastKnownFileType = sourcecode.c.objc; name = AppDelegate.m; path = "cocos2d-filledPolygon/AppDelegate.m"; sourceTree = "<group>"; };
		E68CC16315FCF78E00AF1D44 /* GameConfig.h */ = {isa = PBXFileReference; fileEncoding = 4; lastKnownFileType = sourcecode.c.h; name = GameConfig.h; path = "cocos2d-filledPolygon/GameConfig.h"; sourceTree = "<group>"; };
		E68CC16415FCF78E00AF1D44 /* HelloWorldLayer.h */ = {isa = PBXFileReference; fileEncoding = 4; lastKnownFileType = sourcecode.c.h; name = HelloWorldLayer.h; path = "cocos2d-filledPolygon/HelloWorldLayer.h"; sourceTree = "<group>"; };
		E68CC16515FCF78E00AF1D44 /* HelloWorldLayer.m */ = {isa = PBXFileReference; fileEncoding = 4; lastKnownFileType = sourcecode.c.objc; name = HelloWorldLayer.m; path = "cocos2d-filledPolygon/HelloWorldLayer.m"; sourceTree = "<group>"; };
		E68CC16615FCF78E00AF1D44 /* Prefix.pch */ = {isa = PBXFileReference; fileEncoding = 4; lastKnownFileType = sourcecode.c.h; name = Prefix.pch; path = "cocos2d-filledPolygon/Prefix.pch"; sourceTree = "<group>"; };
		E68CC16915FCF78E00AF1D44 /* main.m */ = {isa = PBXFileReference; fileEncoding = 4; lastKnownFileType = sourcecode.c.objc; name = main.m; path = "cocos2d-filledPolygon/main.m"; sourceTree = "<group>"; };
		E68CC16F15FCF79B00AF1D44 /* Default.png */ = {isa = PBXFileReference; lastKnownFileType = image.png; path = Default.png; sourceTree = "<group>"; };
		E68CC17015FCF79B00AF1D44 /* fps_images.png */ = {isa = PBXFileReference; lastKnownFileType = image.png; path = fps_images.png; sourceTree = "<group>"; };
		E68CC17115FCF79B00AF1D44 /* Icon-72.png */ = {isa = PBXFileReference; lastKnownFileType = image.png; path = "Icon-72.png"; sourceTree = "<group>"; };
		E68CC17215FCF79B00AF1D44 /* Icon-Small-50.png */ = {isa = PBXFileReference; lastKnownFileType = image.png; path = "Icon-Small-50.png"; sourceTree = "<group>"; };
		E68CC17315FCF79B00AF1D44 /* Icon-Small.png */ = {isa = PBXFileReference; lastKnownFileType = image.png; path = "Icon-Small.png"; sourceTree = "<group>"; };
		E68CC17415FCF79B00AF1D44 /* Icon-Small@2x.png */ = {isa = PBXFileReference; lastKnownFileType = image.png; path = "Icon-Small@2x.png"; sourceTree = "<group>"; };
		E68CC17515FCF79B00AF1D44 /* Icon.png */ = {isa = PBXFileReference; lastKnownFileType = image.png; path = Icon.png; sourceTree = "<group>"; };
		E68CC17615FCF79B00AF1D44 /* Icon@2x.png */ = {isa = PBXFileReference; lastKnownFileType = image.png; path = "Icon@2x.png"; sourceTree = "<group>"; };
		E68CC17715FCF79B00AF1D44 /* Info.plist */ = {isa = PBXFileReference; fileEncoding = 4; lastKnownFileType = text.plist.xml; path = Info.plist; sourceTree = "<group>"; };
		E68CC17815FCF79B00AF1D44 /* iTunesArtwork */ = {isa = PBXFileReference; lastKnownFileType = file; path = iTunesArtwork; sourceTree = "<group>"; };
		E68CC17915FCF79B00AF1D44 /* pattern1.png */ = {isa = PBXFileReference; lastKnownFileType = image.png; path = pattern1.png; sourceTree = "<group>"; };
/* End PBXFileReference section */

/* Begin PBXFrameworksBuildPhase section */
		C3339BE3134AC7B00074163A /* Frameworks */ = {
			isa = PBXFrameworksBuildPhase;
			buildActionMask = 2147483647;
			files = (
				C3339BEB134AC7B00074163A /* QuartzCore.framework in Frameworks */,
				C3339BED134AC7B00074163A /* OpenGLES.framework in Frameworks */,
				C3339BEF134AC7B00074163A /* OpenAL.framework in Frameworks */,
				C3339BF1134AC7B00074163A /* AudioToolbox.framework in Frameworks */,
				C3339BF3134AC7B00074163A /* AVFoundation.framework in Frameworks */,
				C3339BF5134AC7B00074163A /* UIKit.framework in Frameworks */,
				C3339BF7134AC7B00074163A /* Foundation.framework in Frameworks */,
				C3339BF9134AC7B00074163A /* CoreGraphics.framework in Frameworks */,
			);
			runOnlyForDeploymentPostprocessing = 0;
		};
		E6327869161C6C5B002B2DCD /* Frameworks */ = {
			isa = PBXFrameworksBuildPhase;
			buildActionMask = 2147483647;
			files = (
				E632789F161C7054002B2DCD /* OpenAL.framework in Frameworks */,
				E632789E161C703F002B2DCD /* AVFoundation.framework in Frameworks */,
				E632789D161C6FE3002B2DCD /* UIKit.framework in Frameworks */,
				E632789B161C6FCB002B2DCD /* OpenGLES.framework in Frameworks */,
				E632789C161C6FCB002B2DCD /* QuartzCore.framework in Frameworks */,
				E632789A161C6F8D002B2DCD /* CoreFoundation.framework in Frameworks */,
				E6327896161C6F7A002B2DCD /* CoreGraphics.framework in Frameworks */,
				E632786D161C6C5B002B2DCD /* Foundation.framework in Frameworks */,
			);
			runOnlyForDeploymentPostprocessing = 0;
		};
/* End PBXFrameworksBuildPhase section */

/* Begin PBXGroup section */
		C3339BDB134AC7B00074163A = {
			isa = PBXGroup;
			children = (
				E6327899161C6F8D002B2DCD /* CoreFoundation.framework */,
				E6327897161C6F7A002B2DCD /* libz.dylib */,
				E68CC16E15FCF79B00AF1D44 /* Resources */,
				E6482D4C15FD05C400277F6B /* PRKit-example */,
				C3339D66134AD2F40074163A /* PRKit */,
				E632786E161C6C5B002B2DCD /* prkit */,
				C3339BE9134AC7B00074163A /* Frameworks */,
				C3339BE7134AC7B00074163A /* Products */,
			);
			sourceTree = "<group>";
		};
		C3339BE7134AC7B00074163A /* Products */ = {
			isa = PBXGroup;
			children = (
				C3339BE6134AC7B00074163A /* cocos2D-PRKit-Example.app */,
				E632786C161C6C5B002B2DCD /* libprkit.a */,
				E632787D161C6C74002B2DCD /* libprkit_script.a */,
			);
			name = Products;
			sourceTree = "<group>";
		};
		C3339BE9134AC7B00074163A /* Frameworks */ = {
			isa = PBXGroup;
			children = (
				C3339BEA134AC7B00074163A /* QuartzCore.framework */,
				C3339BEC134AC7B00074163A /* OpenGLES.framework */,
				C3339BEE134AC7B00074163A /* OpenAL.framework */,
				C3339BF0134AC7B00074163A /* AudioToolbox.framework */,
				C3339BF2134AC7B00074163A /* AVFoundation.framework */,
				C3339BF4134AC7B00074163A /* UIKit.framework */,
				C3339BF6134AC7B00074163A /* Foundation.framework */,
				C3339BF8134AC7B00074163A /* CoreGraphics.framework */,
			);
			name = Frameworks;
			sourceTree = "<group>";
		};
		C3339D66134AD2F40074163A /* PRKit */ = {
			isa = PBXGroup;
			children = (
				C3339D67134AD2F40074163A /* PRFilledPolygon.h */,
				C3339D68134AD2F40074163A /* PRFilledPolygon.m */,
				C3FCEE691361202700559B90 /* PRTriangulator.h */,
				C3FCEE6B136120CC00559B90 /* PRRatcliffTriangulator.h */,
				C3FCEE6C136120CD00559B90 /* PRRatcliffTriangulator.mm */,
				C3339D69134AD2F40074163A /* triangulate.cpp */,
				C3339D6A134AD2F40074163A /* triangulate.h */,
			);
			path = PRKit;
			sourceTree = "<group>";
		};
		E632786E161C6C5B002B2DCD /* prkit */ = {
			isa = PBXGroup;
			children = (
				E632786F161C6C5B002B2DCD /* Supporting Files */,
			);
			path = prkit;
			sourceTree = "<group>";
		};
		E632786F161C6C5B002B2DCD /* Supporting Files */ = {
			isa = PBXGroup;
			children = (
				E6327870161C6C5B002B2DCD /* prkit-Prefix.pch */,
			);
			name = "Supporting Files";
			sourceTree = "<group>";
		};
		E6482D4C15FD05C400277F6B /* PRKit-example */ = {
			isa = PBXGroup;
			children = (
				E68CC16115FCF78E00AF1D44 /* AppDelegate.h */,
				E68CC16215FCF78E00AF1D44 /* AppDelegate.m */,
				E68CC16315FCF78E00AF1D44 /* GameConfig.h */,
				E68CC16415FCF78E00AF1D44 /* HelloWorldLayer.h */,
				E68CC16515FCF78E00AF1D44 /* HelloWorldLayer.m */,
				E68CC16615FCF78E00AF1D44 /* Prefix.pch */,
				E68CC16915FCF78E00AF1D44 /* main.m */,
				C3339D6F134AD4530074163A /* README.markdown */,
			);
			name = "PRKit-example";
			sourceTree = "<group>";
		};
		E68CC16E15FCF79B00AF1D44 /* Resources */ = {
			isa = PBXGroup;
			children = (
				E632785E161C69E2002B2DCD /* pattern1-hd.png */,
				E6482D4D15FD06BE00277F6B /* fps_images-ipadhd.png */,
				E6482D4E15FD06BE00277F6B /* fps_images-hd.png */,
				E68CC16F15FCF79B00AF1D44 /* Default.png */,
				E68CC17015FCF79B00AF1D44 /* fps_images.png */,
				E68CC17115FCF79B00AF1D44 /* Icon-72.png */,
				E68CC17215FCF79B00AF1D44 /* Icon-Small-50.png */,
				E68CC17315FCF79B00AF1D44 /* Icon-Small.png */,
				E68CC17415FCF79B00AF1D44 /* Icon-Small@2x.png */,
				E68CC17515FCF79B00AF1D44 /* Icon.png */,
				E68CC17615FCF79B00AF1D44 /* Icon@2x.png */,
				E68CC17715FCF79B00AF1D44 /* Info.plist */,
				E68CC17815FCF79B00AF1D44 /* iTunesArtwork */,
				E68CC17915FCF79B00AF1D44 /* pattern1.png */,
			);
			name = Resources;
			path = "cocos2d-filledPolygon/Resources";
			sourceTree = "<group>";
		};
/* End PBXGroup section */

/* Begin PBXHeadersBuildPhase section */
		E6327891161C6DB3002B2DCD /* Headers */ = {
			isa = PBXHeadersBuildPhase;
			buildActionMask = 2147483647;
			files = (
				E6327892161C6DBD002B2DCD /* PRFilledPolygon.h in Headers */,
				E6327893161C6DBD002B2DCD /* PRTriangulator.h in Headers */,
				E6327894161C6DBD002B2DCD /* PRRatcliffTriangulator.h in Headers */,
				E6327895161C6DBD002B2DCD /* triangulate.h in Headers */,
			);
			runOnlyForDeploymentPostprocessing = 0;
		};
/* End PBXHeadersBuildPhase section */

/* Begin PBXNativeTarget section */
		C3339BE5134AC7B00074163A /* cocos2D-PRKit-Example */ = {
			isa = PBXNativeTarget;
			buildConfigurationList = C3339D51134AC7B20074163A /* Build configuration list for PBXNativeTarget "cocos2D-PRKit-Example" */;
			buildPhases = (
				C3339BE2134AC7B00074163A /* Sources */,
				C3339BE3134AC7B00074163A /* Frameworks */,
				C3339BE4134AC7B00074163A /* Resources */,
			);
			buildRules = (
			);
			dependencies = (
			);
			name = "cocos2D-PRKit-Example";
			productName = "cocos2d-filledPolygon";
			productReference = C3339BE6134AC7B00074163A /* cocos2D-PRKit-Example.app */;
			productType = "com.apple.product-type.application";
		};
		E632786B161C6C5B002B2DCD /* PRKit */ = {
			isa = PBXNativeTarget;
			buildConfigurationList = E6327877161C6C5B002B2DCD /* Build configuration list for PBXNativeTarget "PRKit" */;
			buildPhases = (
				E6327891161C6DB3002B2DCD /* Headers */,
				E6327868161C6C5B002B2DCD /* Sources */,
				E6327869161C6C5B002B2DCD /* Frameworks */,
			);
			buildRules = (
			);
			dependencies = (
			);
			name = PRKit;
			productName = prkit;
			productReference = E632786C161C6C5B002B2DCD /* libprkit.a */;
			productType = "com.apple.product-type.library.static";
		};
		E632787C161C6C74002B2DCD /* PRKit_script */ = {
			isa = PBXNativeTarget;
			buildConfigurationList = E6327886161C6C74002B2DCD /* Build configuration list for PBXNativeTarget "PRKit_script" */;
			buildPhases = (
				E6327889161C6C86002B2DCD /* ShellScript */,
			);
			buildRules = (
			);
			dependencies = (
			);
			name = PRKit_script;
			productName = prkit_script;
			productReference = E632787D161C6C74002B2DCD /* libprkit_script.a */;
			productType = "com.apple.product-type.library.static";
		};
/* End PBXNativeTarget section */

/* Begin PBXProject section */
		C3339BDD134AC7B00074163A /* Project object */ = {
			isa = PBXProject;
			attributes = {
				LastUpgradeCheck = 0450;
				ORGANIZATIONNAME = "Precognitive Research, LLC";
			};
			buildConfigurationList = C3339BE0134AC7B00074163A /* Build configuration list for PBXProject "cocos2D-PRKit-Example" */;
			compatibilityVersion = "Xcode 3.2";
			developmentRegion = English;
			hasScannedForEncodings = 0;
			knownRegions = (
				en,
			);
			mainGroup = C3339BDB134AC7B00074163A;
			productRefGroup = C3339BE7134AC7B00074163A /* Products */;
			projectDirPath = "";
			projectRoot = "";
			targets = (
				C3339BE5134AC7B00074163A /* cocos2D-PRKit-Example */,
				E632786B161C6C5B002B2DCD /* PRKit */,
				E632787C161C6C74002B2DCD /* PRKit_script */,
			);
		};
/* End PBXProject section */

/* Begin PBXResourcesBuildPhase section */
		C3339BE4134AC7B00074163A /* Resources */ = {
			isa = PBXResourcesBuildPhase;
			buildActionMask = 2147483647;
			files = (
				E68CC17A15FCF79B00AF1D44 /* Default.png in Resources */,
				E68CC17B15FCF79B00AF1D44 /* fps_images.png in Resources */,
				E68CC17C15FCF79B00AF1D44 /* Icon-72.png in Resources */,
				E68CC17D15FCF79B00AF1D44 /* Icon-Small-50.png in Resources */,
				E68CC17E15FCF79B00AF1D44 /* Icon-Small.png in Resources */,
				E68CC17F15FCF79B00AF1D44 /* Icon-Small@2x.png in Resources */,
				E68CC18015FCF79B00AF1D44 /* Icon.png in Resources */,
				E68CC18115FCF79B00AF1D44 /* Icon@2x.png in Resources */,
				E68CC18315FCF79B00AF1D44 /* iTunesArtwork in Resources */,
				E68CC18415FCF79B00AF1D44 /* pattern1.png in Resources */,
				E6482D4F15FD06BE00277F6B /* fps_images-ipadhd.png in Resources */,
				E6482D5015FD06BE00277F6B /* fps_images-hd.png in Resources */,
				E632785F161C69E2002B2DCD /* pattern1-hd.png in Resources */,
			);
			runOnlyForDeploymentPostprocessing = 0;
		};
/* End PBXResourcesBuildPhase section */

/* Begin PBXShellScriptBuildPhase section */
		E6327889161C6C86002B2DCD /* ShellScript */ = {
			isa = PBXShellScriptBuildPhase;
			buildActionMask = 2147483647;
			files = (
			);
			inputPaths = (
			);
			outputPaths = (
			);
			runOnlyForDeploymentPostprocessing = 0;
			shellPath = /bin/sh;
			shellScript = "#!/bin/sh\n\nTARGET=\"PRKit\"\n#undefine the following line if you want to move and properly unpack the .zip files into the destination folder specified with DEST_DIR\nSCRIPT_OPTIONS=\"MOVE_FILE\"\n#DEST_DIR=\"${PROJECT_DIR}/../SharedLibs\"\nDEST_DIR=~/Programming/SharedLibs\n\nmkdir -p ~/Programming\nmkdir -p ~/Programming/SharedLibs\n\nGIT_REVISION=$(git describe --tags `git rev-list --tags --max-count=1`)\nif [ ! -z $GIT_REVISION ]; then\nLIB_VERSION=\"-Tag-$GIT_REVISION\"\nelse\nLIB_VERSION=\"-unversioned\"\nfi\n\nLIBRARY_NAME=\"lib$TARGET.a\"\nLIBRARY_OUT_NAME_RELATIVE=\"lib$TARGET${LIB_VERSION}.a\"\nLIBRARY_OUT_NAME=\"lib/$LIBRARY_OUT_NAME_RELATIVE\"\nLATEST_SDK_DEVICE=$(xcodebuild -showsdks | grep iphoneos | awk 'BEGIN{FS=\"\\t\";}{print $3}' | cut -d ' ' -f 2 | tail -n 1)\nLATEST_SDK_SIMULATOR=$(xcodebuild -showsdks | grep iphonesimulator | awk 'BEGIN{FS=\"\\t\";}{print $3}' | cut -d ' ' -f 2 | tail -n 1)\n\nlocal_build_root=\"${PROJECT_DIR}/build\"\nbuild_styles=\"Debug Release\"\n\nfor current_style in $build_styles; do\nLIBRARY_ARCHIVE=\"$TARGET${LIB_VERSION}-${current_style}.zip\"\n\nif [ $current_style = \"Debug\" ]; then\nLIBRARY_ARCHIVE=\"$TARGET-${current_style}.zip\"\nelse\nLIBRARY_ARCHIVE=\"$TARGET.zip\"\nfi\n\n# remove existing output file\nrm -rf ${PROJECT_DIR}/lib\nmkdir -p ${PROJECT_DIR}/lib\n\n# Build library for simulator\nxcodebuild clean -target $TARGET -configuration $current_style -sdk $LATEST_SDK_SIMULATOR\nxcodebuild -target $TARGET -configuration $current_style -sdk $LATEST_SDK_SIMULATOR build\n\n# Build library for device\nxcodebuild clean -target $TARGET -configuration $current_style -sdk $LATEST_SDK_DEVICE\nxcodebuild -target $TARGET -configuration $current_style -sdk $LATEST_SDK_DEVICE build\n\n# Glue together libraries\nlipo \"${local_build_root}/${current_style}-iphoneos/$LIBRARY_NAME\" -arch i386 \"${local_build_root}/${current_style}-iphonesimulator/$LIBRARY_NAME\" -create -output \"${PROJECT_DIR}/$LIBRARY_OUT_NAME\"\n\n# Create symlink\ncd lib\nln -s \"$LIBRARY_OUT_NAME_RELATIVE\" \"$LIBRARY_NAME\"\ncd ..\n\nrm -rf include\nmkdir -p include\ncd PRKit\ncp *.h ../include/\ncd ..\n\nif [ $? -eq 0 ]; then\nzip -R -y \"${PROJECT_DIR}/$LIBRARY_ARCHIVE\" \"lib/*.a\"\nzip -r -y \"${PROJECT_DIR}/$LIBRARY_ARCHIVE\" \"resources\" \"include\" -x@zip_exclude.lst\n#zip \"${PROJECT_DIR}/$LIBRARY_ARCHIVE\" .packageid\nfi\n\nrm -rf include\n\nif [ $SCRIPT_OPTIONS = \"MOVE_FILE\" ]; then\nBUILT_ZIP=\"${PROJECT_DIR}/$LIBRARY_ARCHIVE\"\nNEW_ZIP=\"$DEST_DIR/$LIBRARY_ARCHIVE\"\n\nif [ $current_style = \"Debug\" ]; then\nOLD_FOLDER=\"$DEST_DIR/$TARGET-${current_style}\"\nelse\nOLD_FOLDER=\"$DEST_DIR/$TARGET\"\nfi\nrm -rf $OLD_FOLDER\nmv $BUILT_ZIP \"$DEST_DIR/\"\nunzip -o $NEW_ZIP -d $OLD_FOLDER/\nrm -f $NEW_ZIP\nfi\n\ndone";
		};
/* End PBXShellScriptBuildPhase section */

/* Begin PBXSourcesBuildPhase section */
		C3339BE2134AC7B00074163A /* Sources */ = {
			isa = PBXSourcesBuildPhase;
			buildActionMask = 2147483647;
			files = (
				C3339D6B134AD2F40074163A /* PRFilledPolygon.m in Sources */,
				C3339D6C134AD2F40074163A /* triangulate.cpp in Sources */,
				C3FCEE6D136120CD00559B90 /* PRRatcliffTriangulator.mm in Sources */,
				E68CC16A15FCF78E00AF1D44 /* AppDelegate.m in Sources */,
				E68CC16B15FCF78E00AF1D44 /* HelloWorldLayer.m in Sources */,
				E68CC16D15FCF78E00AF1D44 /* main.m in Sources */,
			);
			runOnlyForDeploymentPostprocessing = 0;
		};
		E6327868161C6C5B002B2DCD /* Sources */ = {
			isa = PBXSourcesBuildPhase;
			buildActionMask = 2147483647;
			files = (
				E632788E161C6D37002B2DCD /* PRFilledPolygon.m in Sources */,
				E632788F161C6D37002B2DCD /* PRRatcliffTriangulator.mm in Sources */,
				E6327890161C6D37002B2DCD /* triangulate.cpp in Sources */,
			);
			runOnlyForDeploymentPostprocessing = 0;
		};
/* End PBXSourcesBuildPhase section */

/* Begin XCBuildConfiguration section */
		C3339D4F134AC7B20074163A /* Debug */ = {
			isa = XCBuildConfiguration;
			buildSettings = {
				"CODE_SIGN_IDENTITY[sdk=iphoneos*]" = "iPhone Developer";
				GCC_C_LANGUAGE_STANDARD = gnu99;
				GCC_OPTIMIZATION_LEVEL = 0;
				GCC_PREPROCESSOR_DEFINITIONS = (
					DEBUG,
					"COCOS2D_DEBUG=1",
				);
				GCC_SYMBOLS_PRIVATE_EXTERN = NO;
				GCC_VERSION = "";
				GCC_WARN_ABOUT_RETURN_TYPE = YES;
				GCC_WARN_UNUSED_VARIABLE = YES;
				IPHONEOS_DEPLOYMENT_TARGET = 5.0;
				SDKROOT = iphoneos;
			};
			name = Debug;
		};
		C3339D50134AC7B20074163A /* Release */ = {
			isa = XCBuildConfiguration;
			buildSettings = {
				"CODE_SIGN_IDENTITY[sdk=iphoneos*]" = "iPhone Developer";
				GCC_C_LANGUAGE_STANDARD = gnu99;
				GCC_PREPROCESSOR_DEFINITIONS = NDEBUG;
				GCC_VERSION = "";
				GCC_WARN_ABOUT_RETURN_TYPE = YES;
				GCC_WARN_UNUSED_VARIABLE = YES;
				IPHONEOS_DEPLOYMENT_TARGET = 5.0;
				OTHER_CFLAGS = "-DNS_BLOCK_ASSERTIONS=1";
				SDKROOT = iphoneos;
			};
			name = Release;
		};
		C3339D52134AC7B20074163A /* Debug */ = {
			isa = XCBuildConfiguration;
			buildSettings = {
				ALWAYS_SEARCH_USER_PATHS = NO;
				CLANG_ENABLE_OBJC_ARC = YES;
				COPY_PHASE_STRIP = NO;
				FRAMEWORK_SEARCH_PATHS = "$(inherited)";
				GCC_DYNAMIC_NO_PIC = NO;
				GCC_PRECOMPILE_PREFIX_HEADER = YES;
				GCC_PREFIX_HEADER = "cocos2d-filledPolygon/Prefix.pch";
				GCC_PREPROCESSOR_DEFINITIONS = (
					"DEBUG=1",
					"COCOS2D_DEBUG=1",
					"IPHONE_SDK_PROJECT=1",
				);
				GCC_VERSION = com.apple.compilers.llvm.clang.1_0;
				HEADER_SEARCH_PATHS = "~/Programming/SharedLibs/Cocos/include/**";
				INFOPLIST_FILE = "cocos2d-filledPolygon/Resources/Info.plist";
				IPHONEOS_DEPLOYMENT_TARGET = 5.0;
				LIBRARY_SEARCH_PATHS = "~/Programming/SharedLibs/Cocos/lib/**";
				OTHER_LDFLAGS = (
					"-lz",
					"-lCocos",
				);
				PRODUCT_NAME = "cocos2D-PRKit-Example";
				TARGETED_DEVICE_FAMILY = "1,2";
				WRAPPER_EXTENSION = app;
			};
			name = Debug;
		};
		C3339D53134AC7B20074163A /* Release */ = {
			isa = XCBuildConfiguration;
			buildSettings = {
				ALWAYS_SEARCH_USER_PATHS = NO;
				CLANG_ENABLE_OBJC_ARC = YES;
				COPY_PHASE_STRIP = YES;
				FRAMEWORK_SEARCH_PATHS = "$(inherited)";
				GCC_PRECOMPILE_PREFIX_HEADER = YES;
				GCC_PREFIX_HEADER = "cocos2d-filledPolygon/Prefix.pch";
				GCC_PREPROCESSOR_DEFINITIONS = (
					NDEBUG,
					"NS_BLOCK_ASSERTIONS=1",
					"DEBUG=0",
					"IPHONE_SDK_PROJECT=1",
				);
				GCC_VERSION = com.apple.compilers.llvm.clang.1_0;
				HEADER_SEARCH_PATHS = "~/Programming/SharedLibs/Cocos/include/**";
				INFOPLIST_FILE = "cocos2d-filledPolygon/Resources/Info.plist";
				IPHONEOS_DEPLOYMENT_TARGET = 5.0;
				LIBRARY_SEARCH_PATHS = "~/Programming/SharedLibs/Cocos/lib/**";
				OTHER_LDFLAGS = (
					"-lz",
					"-lCocos",
				);
				PRODUCT_NAME = "cocos2D-PRKit-Example";
				TARGETED_DEVICE_FAMILY = "1,2";
				VALIDATE_PRODUCT = YES;
				WRAPPER_EXTENSION = app;
			};
			name = Release;
		};
		E6327875161C6C5B002B2DCD /* Debug */ = {
			isa = XCBuildConfiguration;
			buildSettings = {
				ALWAYS_SEARCH_USER_PATHS = NO;
				CLANG_CXX_LANGUAGE_STANDARD = "gnu++0x";
				CLANG_CXX_LIBRARY = "libc++";
				CLANG_ENABLE_OBJC_ARC = YES;
				CLANG_WARN_EMPTY_BODY = YES;
				CLANG_WARN__DUPLICATE_METHOD_MATCH = YES;
				COPY_PHASE_STRIP = NO;
				DSTROOT = /tmp/prkit.dst;
				GCC_DYNAMIC_NO_PIC = NO;
				GCC_PRECOMPILE_PREFIX_HEADER = YES;
				GCC_PREFIX_HEADER = "prkit/prkit-Prefix.pch";
				GCC_PREPROCESSOR_DEFINITIONS = (
					"DEBUG=1",
					"COCOS2D_DEBUG=1",
					"IPHONE_SDK_PROJECT=1",
				);
				GCC_WARN_UNINITIALIZED_AUTOS = YES;
				HEADER_SEARCH_PATHS = "~/Programming/SharedLibs/Cocos-Debug/include/**";
				IPHONEOS_DEPLOYMENT_TARGET = 5.0;
				LIBRARY_SEARCH_PATHS = "~/Programming/SharedLibs/Cocos-Debug/lib/**";
				OTHER_LDFLAGS = (
					"-ObjC",
					"-all_load",
				);
				PRODUCT_NAME = "$(TARGET_NAME)";
				SKIP_INSTALL = YES;
			};
			name = Debug;
		};
		E6327876161C6C5B002B2DCD /* Release */ = {
			isa = XCBuildConfiguration;
			buildSettings = {
				ALWAYS_SEARCH_USER_PATHS = NO;
				CLANG_CXX_LANGUAGE_STANDARD = "gnu++0x";
				CLANG_CXX_LIBRARY = "libc++";
				CLANG_ENABLE_OBJC_ARC = YES;
				CLANG_WARN_EMPTY_BODY = YES;
				CLANG_WARN__DUPLICATE_METHOD_MATCH = YES;
				COPY_PHASE_STRIP = YES;
				DSTROOT = /tmp/prkit.dst;
				GCC_PRECOMPILE_PREFIX_HEADER = YES;
				GCC_PREFIX_HEADER = "prkit/prkit-Prefix.pch";
				GCC_PREPROCESSOR_DEFINITIONS = (
					NDEBUG,
					"NS_BLOCK_ASSERTIONS=1",
					"DEBUG=0",
					"IPHONE_SDK_PROJECT=1",
				);
				GCC_WARN_UNINITIALIZED_AUTOS = YES;
				HEADER_SEARCH_PATHS = "~/Programming/SharedLibs/Cocos/include/**";
				IPHONEOS_DEPLOYMENT_TARGET = 5.0;
				LIBRARY_SEARCH_PATHS = "~/Programming/SharedLibs/Cocos/lib/**";
				OTHER_LDFLAGS = (
					"-ObjC",
					"-all_load",
				);
				PRODUCT_NAME = "$(TARGET_NAME)";
				SKIP_INSTALL = YES;
				VALIDATE_PRODUCT = YES;
			};
			name = Release;
		};
		E6327887161C6C74002B2DCD /* Debug */ = {
			isa = XCBuildConfiguration;
			buildSettings = {
				ALWAYS_SEARCH_USER_PATHS = NO;
				CLANG_CXX_LANGUAGE_STANDARD = "gnu++0x";
				CLANG_CXX_LIBRARY = "libc++";
				CLANG_ENABLE_OBJC_ARC = YES;
				CLANG_WARN_EMPTY_BODY = YES;
				CLANG_WARN__DUPLICATE_METHOD_MATCH = YES;
				COPY_PHASE_STRIP = NO;
				DSTROOT = /tmp/prkit_script.dst;
				GCC_DYNAMIC_NO_PIC = NO;
				GCC_PRECOMPILE_PREFIX_HEADER = YES;
				GCC_PREFIX_HEADER = "prkit_script/prkit_script-Prefix.pch";
				GCC_PREPROCESSOR_DEFINITIONS = (
					"DEBUG=1",
					"$(inherited)",
				);
				GCC_WARN_UNINITIALIZED_AUTOS = YES;
				IPHONEOS_DEPLOYMENT_TARGET = 5.0;
				OTHER_LDFLAGS = "";
				PRODUCT_NAME = "$(TARGET_NAME)";
				SKIP_INSTALL = YES;
			};
			name = Debug;
		};
		E6327888161C6C74002B2DCD /* Release */ = {
			isa = XCBuildConfiguration;
			buildSettings = {
				ALWAYS_SEARCH_USER_PATHS = NO;
				CLANG_CXX_LANGUAGE_STANDARD = "gnu++0x";
				CLANG_CXX_LIBRARY = "libc++";
				CLANG_ENABLE_OBJC_ARC = YES;
				CLANG_WARN_EMPTY_BODY = YES;
				CLANG_WARN__DUPLICATE_METHOD_MATCH = YES;
				COPY_PHASE_STRIP = YES;
				DSTROOT = /tmp/prkit_script.dst;
				GCC_PRECOMPILE_PREFIX_HEADER = YES;
				GCC_PREFIX_HEADER = "prkit_script/prkit_script-Prefix.pch";
				GCC_WARN_UNINITIALIZED_AUTOS = YES;
				IPHONEOS_DEPLOYMENT_TARGET = 5.0;
				OTHER_LDFLAGS = "";
				PRODUCT_NAME = "$(TARGET_NAME)";
				SKIP_INSTALL = YES;
				VALIDATE_PRODUCT = YES;
			};
			name = Release;
		};
/* End XCBuildConfiguration section */

/* Begin XCConfigurationList section */
		C3339BE0134AC7B00074163A /* Build configuration list for PBXProject "cocos2D-PRKit-Example" */ = {
			isa = XCConfigurationList;
			buildConfigurations = (
				C3339D4F134AC7B20074163A /* Debug */,
				C3339D50134AC7B20074163A /* Release */,
			);
			defaultConfigurationIsVisible = 0;
			defaultConfigurationName = Release;
		};
		C3339D51134AC7B20074163A /* Build configuration list for PBXNativeTarget "cocos2D-PRKit-Example" */ = {
			isa = XCConfigurationList;
			buildConfigurations = (
				C3339D52134AC7B20074163A /* Debug */,
				C3339D53134AC7B20074163A /* Release */,
			);
			defaultConfigurationIsVisible = 0;
			defaultConfigurationName = Release;
		};
		E6327877161C6C5B002B2DCD /* Build configuration list for PBXNativeTarget "PRKit" */ = {
			isa = XCConfigurationList;
			buildConfigurations = (
				E6327875161C6C5B002B2DCD /* Debug */,
				E6327876161C6C5B002B2DCD /* Release */,
			);
			defaultConfigurationIsVisible = 0;
		};
		E6327886161C6C74002B2DCD /* Build configuration list for PBXNativeTarget "PRKit_script" */ = {
			isa = XCConfigurationList;
			buildConfigurations = (
				E6327887161C6C74002B2DCD /* Debug */,
				E6327888161C6C74002B2DCD /* Release */,
			);
			defaultConfigurationIsVisible = 0;
		};
/* End XCConfigurationList section */
	};
	rootObject = C3339BDD134AC7B00074163A /* Project object */;
}
