// !$*UTF8*$!
{
	archiveVersion = 1;
	classes = {
	};
	objectVersion = 46;
	objects = {

/* Begin PBXBuildFile section */
		C3339BEB134AC7B00074163A /* QuartzCore.framework in Frameworks */ = {isa = PBXBuildFile; fileRef = C3339BEA134AC7B00074163A /* QuartzCore.framework */; };
		C3339BED134AC7B00074163A /* OpenGLES.framework in Frameworks */ = {isa = PBXBuildFile; fileRef = C3339BEC134AC7B00074163A /* OpenGLES.framework */; };
		C3339BEF134AC7B00074163A /* OpenAL.framework in Frameworks */ = {isa = PBXBuildFile; fileRef = C3339BEE134AC7B00074163A /* OpenAL.framework */; };
		C3339BF1134AC7B00074163A /* AudioToolbox.framework in Frameworks */ = {isa = PBXBuildFile; fileRef = C3339BF0134AC7B00074163A /* AudioToolbox.framework */; };
		C3339BF3134AC7B00074163A /* AVFoundation.framework in Frameworks */ = {isa = PBXBuildFile; fileRef = C3339BF2134AC7B00074163A /* AVFoundation.framework */; };
		C3339BF5134AC7B00074163A /* UIKit.framework in Frameworks */ = {isa = PBXBuildFile; fileRef = C3339BF4134AC7B00074163A /* UIKit.framework */; };
		C3339BF7134AC7B00074163A /* Foundation.framework in Frameworks */ = {isa = PBXBuildFile; fileRef = C3339BF6134AC7B00074163A /* Foundation.framework */; };
		C3339BF9134AC7B00074163A /* CoreGraphics.framework in Frameworks */ = {isa = PBXBuildFile; fileRef = C3339BF8134AC7B00074163A /* CoreGraphics.framework */; };
		C3339D6B134AD2F40074163A /* PRFilledPolygon.m in Sources */ = {isa = PBXBuildFile; fileRef = C3339D68134AD2F40074163A /* PRFilledPolygon.m */; };
		C3339D6C134AD2F40074163A /* triangulate.cpp in Sources */ = {isa = PBXBuildFile; fileRef = C3339D69134AD2F40074163A /* triangulate.cpp */; };
		C3FCEE6D136120CD00559B90 /* PRRatcliffTriangulator.mm in Sources */ = {isa = PBXBuildFile; fileRef = C3FCEE6C136120CD00559B90 /* PRRatcliffTriangulator.mm */; };
		E68CC16A15FCF78E00AF1D44 /* AppDelegate.m in Sources */ = {isa = PBXBuildFile; fileRef = E68CC16215FCF78E00AF1D44 /* AppDelegate.m */; };
		E68CC16B15FCF78E00AF1D44 /* HelloWorldLayer.m in Sources */ = {isa = PBXBuildFile; fileRef = E68CC16515FCF78E00AF1D44 /* HelloWorldLayer.m */; };
		E68CC16D15FCF78E00AF1D44 /* main.m in Sources */ = {isa = PBXBuildFile; fileRef = E68CC16915FCF78E00AF1D44 /* main.m */; };
		E68CC17A15FCF79B00AF1D44 /* Default.png in Resources */ = {isa = PBXBuildFile; fileRef = E68CC16F15FCF79B00AF1D44 /* Default.png */; };
		E68CC17B15FCF79B00AF1D44 /* fps_images.png in Resources */ = {isa = PBXBuildFile; fileRef = E68CC17015FCF79B00AF1D44 /* fps_images.png */; };
		E68CC17C15FCF79B00AF1D44 /* Icon-72.png in Resources */ = {isa = PBXBuildFile; fileRef = E68CC17115FCF79B00AF1D44 /* Icon-72.png */; };
		E68CC17D15FCF79B00AF1D44 /* Icon-Small-50.png in Resources */ = {isa = PBXBuildFile; fileRef = E68CC17215FCF79B00AF1D44 /* Icon-Small-50.png */; };
		E68CC17E15FCF79B00AF1D44 /* Icon-Small.png in Resources */ = {isa = PBXBuildFile; fileRef = E68CC17315FCF79B00AF1D44 /* Icon-Small.png */; };
		E68CC17F15FCF79B00AF1D44 /* Icon-Small@2x.png in Resources */ = {isa = PBXBuildFile; fileRef = E68CC17415FCF79B00AF1D44 /* Icon-Small@2x.png */; };
		E68CC18015FCF79B00AF1D44 /* Icon.png in Resources */ = {isa = PBXBuildFile; fileRef = E68CC17515FCF79B00AF1D44 /* Icon.png */; };
		E68CC18115FCF79B00AF1D44 /* Icon@2x.png in Resources */ = {isa = PBXBuildFile; fileRef = E68CC17615FCF79B00AF1D44 /* Icon@2x.png */; };
		E68CC18315FCF79B00AF1D44 /* iTunesArtwork in Resources */ = {isa = PBXBuildFile; fileRef = E68CC17815FCF79B00AF1D44 /* iTunesArtwork */; };
		E68CC18415FCF79B00AF1D44 /* pattern1.png in Resources */ = {isa = PBXBuildFile; fileRef = E68CC17915FCF79B00AF1D44 /* pattern1.png */; };
/* End PBXBuildFile section */

/* Begin PBXFileReference section */
		C3339BE6134AC7B00074163A /* cocos2D-PRKit-Example.app */ = {isa = PBXFileReference; explicitFileType = wrapper.application; includeInIndex = 0; path = "cocos2D-PRKit-Example.app"; sourceTree = BUILT_PRODUCTS_DIR; };
		C3339BEA134AC7B00074163A /* QuartzCore.framework */ = {isa = PBXFileReference; lastKnownFileType = wrapper.framework; name = QuartzCore.framework; path = System/Library/Frameworks/QuartzCore.framework; sourceTree = SDKROOT; };
		C3339BEC134AC7B00074163A /* OpenGLES.framework */ = {isa = PBXFileReference; lastKnownFileType = wrapper.framework; name = OpenGLES.framework; path = System/Library/Frameworks/OpenGLES.framework; sourceTree = SDKROOT; };
		C3339BEE134AC7B00074163A /* OpenAL.framework */ = {isa = PBXFileReference; lastKnownFileType = wrapper.framework; name = OpenAL.framework; path = System/Library/Frameworks/OpenAL.framework; sourceTree = SDKROOT; };
		C3339BF0134AC7B00074163A /* AudioToolbox.framework */ = {isa = PBXFileReference; lastKnownFileType = wrapper.framework; name = AudioToolbox.framework; path = System/Library/Frameworks/AudioToolbox.framework; sourceTree = SDKROOT; };
		C3339BF2134AC7B00074163A /* AVFoundation.framework */ = {isa = PBXFileReference; lastKnownFileType = wrapper.framework; name = AVFoundation.framework; path = System/Library/Frameworks/AVFoundation.framework; sourceTree = SDKROOT; };
		C3339BF4134AC7B00074163A /* UIKit.framework */ = {isa = PBXFileReference; lastKnownFileType = wrapper.framework; name = UIKit.framework; path = System/Library/Frameworks/UIKit.framework; sourceTree = SDKROOT; };
		C3339BF6134AC7B00074163A /* Foundation.framework */ = {isa = PBXFileReference; lastKnownFileType = wrapper.framework; name = Foundation.framework; path = System/Library/Frameworks/Foundation.framework; sourceTree = SDKROOT; };
		C3339BF8134AC7B00074163A /* CoreGraphics.framework */ = {isa = PBXFileReference; lastKnownFileType = wrapper.framework; name = CoreGraphics.framework; path = System/Library/Frameworks/CoreGraphics.framework; sourceTree = SDKROOT; };
		C3339D67134AD2F40074163A /* PRFilledPolygon.h */ = {isa = PBXFileReference; fileEncoding = 4; lastKnownFileType = sourcecode.c.h; path = PRFilledPolygon.h; sourceTree = "<group>"; };
		C3339D68134AD2F40074163A /* PRFilledPolygon.m */ = {isa = PBXFileReference; fileEncoding = 4; lastKnownFileType = sourcecode.c.objc; path = PRFilledPolygon.m; sourceTree = "<group>"; };
		C3339D69134AD2F40074163A /* triangulate.cpp */ = {isa = PBXFileReference; fileEncoding = 4; lastKnownFileType = sourcecode.cpp.cpp; path = triangulate.cpp; sourceTree = "<group>"; };
		C3339D6A134AD2F40074163A /* triangulate.h */ = {isa = PBXFileReference; fileEncoding = 4; lastKnownFileType = sourcecode.c.h; path = triangulate.h; sourceTree = "<group>"; };
		C3339D6F134AD4530074163A /* README.markdown */ = {isa = PBXFileReference; lastKnownFileType = text; path = README.markdown; sourceTree = "<group>"; };
		C3FCEE691361202700559B90 /* PRTriangulator.h */ = {isa = PBXFileReference; fileEncoding = 4; lastKnownFileType = sourcecode.c.h; path = PRTriangulator.h; sourceTree = "<group>"; };
		C3FCEE6B136120CC00559B90 /* PRRatcliffTriangulator.h */ = {isa = PBXFileReference; fileEncoding = 4; lastKnownFileType = sourcecode.c.h; path = PRRatcliffTriangulator.h; sourceTree = "<group>"; };
		C3FCEE6C136120CD00559B90 /* PRRatcliffTriangulator.mm */ = {isa = PBXFileReference; fileEncoding = 4; lastKnownFileType = sourcecode.cpp.objcpp; path = PRRatcliffTriangulator.mm; sourceTree = "<group>"; };
		E68CC16115FCF78E00AF1D44 /* AppDelegate.h */ = {isa = PBXFileReference; fileEncoding = 4; lastKnownFileType = sourcecode.c.h; name = AppDelegate.h; path = "cocos2d-filledPolygon/AppDelegate.h"; sourceTree = "<group>"; };
		E68CC16215FCF78E00AF1D44 /* AppDelegate.m */ = {isa = PBXFileReference; fileEncoding = 4; lastKnownFileType = sourcecode.c.objc; name = AppDelegate.m; path = "cocos2d-filledPolygon/AppDelegate.m"; sourceTree = "<group>"; };
		E68CC16315FCF78E00AF1D44 /* GameConfig.h */ = {isa = PBXFileReference; fileEncoding = 4; lastKnownFileType = sourcecode.c.h; name = GameConfig.h; path = "cocos2d-filledPolygon/GameConfig.h"; sourceTree = "<group>"; };
		E68CC16415FCF78E00AF1D44 /* HelloWorldLayer.h */ = {isa = PBXFileReference; fileEncoding = 4; lastKnownFileType = sourcecode.c.h; name = HelloWorldLayer.h; path = "cocos2d-filledPolygon/HelloWorldLayer.h"; sourceTree = "<group>"; };
		E68CC16515FCF78E00AF1D44 /* HelloWorldLayer.m */ = {isa = PBXFileReference; fileEncoding = 4; lastKnownFileType = sourcecode.c.objc; name = HelloWorldLayer.m; path = "cocos2d-filledPolygon/HelloWorldLayer.m"; sourceTree = "<group>"; };
		E68CC16615FCF78E00AF1D44 /* Prefix.pch */ = {isa = PBXFileReference; fileEncoding = 4; lastKnownFileType = sourcecode.c.h; name = Prefix.pch; path = "cocos2d-filledPolygon/Prefix.pch"; sourceTree = "<group>"; };
		E68CC16915FCF78E00AF1D44 /* main.m */ = {isa = PBXFileReference; fileEncoding = 4; lastKnownFileType = sourcecode.c.objc; name = main.m; path = "cocos2d-filledPolygon/main.m"; sourceTree = "<group>"; };
		E68CC16F15FCF79B00AF1D44 /* Default.png */ = {isa = PBXFileReference; lastKnownFileType = image.png; path = Default.png; sourceTree = "<group>"; };
		E68CC17015FCF79B00AF1D44 /* fps_images.png */ = {isa = PBXFileReference; lastKnownFileType = image.png; path = fps_images.png; sourceTree = "<group>"; };
		E68CC17115FCF79B00AF1D44 /* Icon-72.png */ = {isa = PBXFileReference; lastKnownFileType = image.png; path = "Icon-72.png"; sourceTree = "<group>"; };
		E68CC17215FCF79B00AF1D44 /* Icon-Small-50.png */ = {isa = PBXFileReference; lastKnownFileType = image.png; path = "Icon-Small-50.png"; sourceTree = "<group>"; };
		E68CC17315FCF79B00AF1D44 /* Icon-Small.png */ = {isa = PBXFileReference; lastKnownFileType = image.png; path = "Icon-Small.png"; sourceTree = "<group>"; };
		E68CC17415FCF79B00AF1D44 /* Icon-Small@2x.png */ = {isa = PBXFileReference; lastKnownFileType = image.png; path = "Icon-Small@2x.png"; sourceTree = "<group>"; };
		E68CC17515FCF79B00AF1D44 /* Icon.png */ = {isa = PBXFileReference; lastKnownFileType = image.png; path = Icon.png; sourceTree = "<group>"; };
		E68CC17615FCF79B00AF1D44 /* Icon@2x.png */ = {isa = PBXFileReference; lastKnownFileType = image.png; path = "Icon@2x.png"; sourceTree = "<group>"; };
		E68CC17715FCF79B00AF1D44 /* Info.plist */ = {isa = PBXFileReference; fileEncoding = 4; lastKnownFileType = text.plist.xml; path = Info.plist; sourceTree = "<group>"; };
		E68CC17815FCF79B00AF1D44 /* iTunesArtwork */ = {isa = PBXFileReference; lastKnownFileType = file; path = iTunesArtwork; sourceTree = "<group>"; };
		E68CC17915FCF79B00AF1D44 /* pattern1.png */ = {isa = PBXFileReference; lastKnownFileType = image.png; path = pattern1.png; sourceTree = "<group>"; };
/* End PBXFileReference section */

/* Begin PBXFrameworksBuildPhase section */
		C3339BE3134AC7B00074163A /* Frameworks */ = {
			isa = PBXFrameworksBuildPhase;
			buildActionMask = 2147483647;
			files = (
				C3339BEB134AC7B00074163A /* QuartzCore.framework in Frameworks */,
				C3339BED134AC7B00074163A /* OpenGLES.framework in Frameworks */,
				C3339BEF134AC7B00074163A /* OpenAL.framework in Frameworks */,
				C3339BF1134AC7B00074163A /* AudioToolbox.framework in Frameworks */,
				C3339BF3134AC7B00074163A /* AVFoundation.framework in Frameworks */,
				C3339BF5134AC7B00074163A /* UIKit.framework in Frameworks */,
				C3339BF7134AC7B00074163A /* Foundation.framework in Frameworks */,
				C3339BF9134AC7B00074163A /* CoreGraphics.framework in Frameworks */,
			);
			runOnlyForDeploymentPostprocessing = 0;
		};
/* End PBXFrameworksBuildPhase section */

/* Begin PBXGroup section */
		C3339BDB134AC7B00074163A = {
			isa = PBXGroup;
			children = (
				E68CC16E15FCF79B00AF1D44 /* Resources */,
				E6482D4C15FD05C400277F6B /* PRKit-example */,
				C3339D66134AD2F40074163A /* PRKit */,
				C3339BE9134AC7B00074163A /* Frameworks */,
				C3339BE7134AC7B00074163A /* Products */,
			);
			sourceTree = "<group>";
		};
		C3339BE7134AC7B00074163A /* Products */ = {
			isa = PBXGroup;
			children = (
				C3339BE6134AC7B00074163A /* cocos2D-PRKit-Example.app */,
			);
			name = Products;
			sourceTree = "<group>";
		};
		C3339BE9134AC7B00074163A /* Frameworks */ = {
			isa = PBXGroup;
			children = (
				C3339BEA134AC7B00074163A /* QuartzCore.framework */,
				C3339BEC134AC7B00074163A /* OpenGLES.framework */,
				C3339BEE134AC7B00074163A /* OpenAL.framework */,
				C3339BF0134AC7B00074163A /* AudioToolbox.framework */,
				C3339BF2134AC7B00074163A /* AVFoundation.framework */,
				C3339BF4134AC7B00074163A /* UIKit.framework */,
				C3339BF6134AC7B00074163A /* Foundation.framework */,
				C3339BF8134AC7B00074163A /* CoreGraphics.framework */,
			);
			name = Frameworks;
			sourceTree = "<group>";
		};
		C3339D66134AD2F40074163A /* PRKit */ = {
			isa = PBXGroup;
			children = (
				C3339D67134AD2F40074163A /* PRFilledPolygon.h */,
				C3339D68134AD2F40074163A /* PRFilledPolygon.m */,
				C3FCEE691361202700559B90 /* PRTriangulator.h */,
				C3FCEE6B136120CC00559B90 /* PRRatcliffTriangulator.h */,
				C3FCEE6C136120CD00559B90 /* PRRatcliffTriangulator.mm */,
				C3339D69134AD2F40074163A /* triangulate.cpp */,
				C3339D6A134AD2F40074163A /* triangulate.h */,
			);
			path = PRKit;
			sourceTree = "<group>";
		};
		E6482D4C15FD05C400277F6B /* PRKit-example */ = {
			isa = PBXGroup;
			children = (
				E68CC16115FCF78E00AF1D44 /* AppDelegate.h */,
				E68CC16215FCF78E00AF1D44 /* AppDelegate.m */,
				E68CC16315FCF78E00AF1D44 /* GameConfig.h */,
				E68CC16415FCF78E00AF1D44 /* HelloWorldLayer.h */,
				E68CC16515FCF78E00AF1D44 /* HelloWorldLayer.m */,
				E68CC16615FCF78E00AF1D44 /* Prefix.pch */,
				E68CC16915FCF78E00AF1D44 /* main.m */,
				C3339D6F134AD4530074163A /* README.markdown */,
			);
			name = "PRKit-example";
			sourceTree = "<group>";
		};
		E68CC16E15FCF79B00AF1D44 /* Resources */ = {
			isa = PBXGroup;
			children = (
				E68CC16F15FCF79B00AF1D44 /* Default.png */,
				E68CC17015FCF79B00AF1D44 /* fps_images.png */,
				E68CC17115FCF79B00AF1D44 /* Icon-72.png */,
				E68CC17215FCF79B00AF1D44 /* Icon-Small-50.png */,
				E68CC17315FCF79B00AF1D44 /* Icon-Small.png */,
				E68CC17415FCF79B00AF1D44 /* Icon-Small@2x.png */,
				E68CC17515FCF79B00AF1D44 /* Icon.png */,
				E68CC17615FCF79B00AF1D44 /* Icon@2x.png */,
				E68CC17715FCF79B00AF1D44 /* Info.plist */,
				E68CC17815FCF79B00AF1D44 /* iTunesArtwork */,
				E68CC17915FCF79B00AF1D44 /* pattern1.png */,
			);
			name = Resources;
			path = "cocos2d-filledPolygon/Resources";
			sourceTree = "<group>";
		};
/* End PBXGroup section */

/* Begin PBXNativeTarget section */
		C3339BE5134AC7B00074163A /* cocos2D-PRKit-Example */ = {
			isa = PBXNativeTarget;
			buildConfigurationList = C3339D51134AC7B20074163A /* Build configuration list for PBXNativeTarget "cocos2D-PRKit-Example" */;
			buildPhases = (
				C3339BE2134AC7B00074163A /* Sources */,
				C3339BE3134AC7B00074163A /* Frameworks */,
				C3339BE4134AC7B00074163A /* Resources */,
			);
			buildRules = (
			);
			dependencies = (
			);
			name = "cocos2D-PRKit-Example";
			productName = "cocos2d-filledPolygon";
			productReference = C3339BE6134AC7B00074163A /* cocos2D-PRKit-Example.app */;
			productType = "com.apple.product-type.application";
		};
/* End PBXNativeTarget section */

/* Begin PBXProject section */
		C3339BDD134AC7B00074163A /* Project object */ = {
			isa = PBXProject;
			attributes = {
				LastUpgradeCheck = 0450;
				ORGANIZATIONNAME = "Precognitive Research, LLC";
			};
			buildConfigurationList = C3339BE0134AC7B00074163A /* Build configuration list for PBXProject "cocos2D-PRKit-Example" */;
			compatibilityVersion = "Xcode 3.2";
			developmentRegion = English;
			hasScannedForEncodings = 0;
			knownRegions = (
				en,
			);
			mainGroup = C3339BDB134AC7B00074163A;
			productRefGroup = C3339BE7134AC7B00074163A /* Products */;
			projectDirPath = "";
			projectRoot = "";
			targets = (
				C3339BE5134AC7B00074163A /* cocos2D-PRKit-Example */,
			);
		};
/* End PBXProject section */

/* Begin PBXResourcesBuildPhase section */
		C3339BE4134AC7B00074163A /* Resources */ = {
			isa = PBXResourcesBuildPhase;
			buildActionMask = 2147483647;
			files = (
				E68CC17A15FCF79B00AF1D44 /* Default.png in Resources */,
				E68CC17B15FCF79B00AF1D44 /* fps_images.png in Resources */,
				E68CC17C15FCF79B00AF1D44 /* Icon-72.png in Resources */,
				E68CC17D15FCF79B00AF1D44 /* Icon-Small-50.png in Resources */,
				E68CC17E15FCF79B00AF1D44 /* Icon-Small.png in Resources */,
				E68CC17F15FCF79B00AF1D44 /* Icon-Small@2x.png in Resources */,
				E68CC18015FCF79B00AF1D44 /* Icon.png in Resources */,
				E68CC18115FCF79B00AF1D44 /* Icon@2x.png in Resources */,
				E68CC18315FCF79B00AF1D44 /* iTunesArtwork in Resources */,
				E68CC18415FCF79B00AF1D44 /* pattern1.png in Resources */,
			);
			runOnlyForDeploymentPostprocessing = 0;
		};
/* End PBXResourcesBuildPhase section */

/* Begin PBXSourcesBuildPhase section */
		C3339BE2134AC7B00074163A /* Sources */ = {
			isa = PBXSourcesBuildPhase;
			buildActionMask = 2147483647;
			files = (
				C3339D6B134AD2F40074163A /* PRFilledPolygon.m in Sources */,
				C3339D6C134AD2F40074163A /* triangulate.cpp in Sources */,
				C3FCEE6D136120CD00559B90 /* PRRatcliffTriangulator.mm in Sources */,
				E68CC16A15FCF78E00AF1D44 /* AppDelegate.m in Sources */,
				E68CC16B15FCF78E00AF1D44 /* HelloWorldLayer.m in Sources */,
				E68CC16D15FCF78E00AF1D44 /* main.m in Sources */,
			);
			runOnlyForDeploymentPostprocessing = 0;
		};
/* End PBXSourcesBuildPhase section */

/* Begin XCBuildConfiguration section */
		C3339D4F134AC7B20074163A /* Debug */ = {
			isa = XCBuildConfiguration;
			buildSettings = {
				"CODE_SIGN_IDENTITY[sdk=iphoneos*]" = "iPhone Developer";
				GCC_C_LANGUAGE_STANDARD = gnu99;
				GCC_OPTIMIZATION_LEVEL = 0;
				GCC_PREPROCESSOR_DEFINITIONS = (
					DEBUG,
					"COCOS2D_DEBUG=1",
				);
				GCC_SYMBOLS_PRIVATE_EXTERN = NO;
				GCC_VERSION = "";
				GCC_WARN_ABOUT_RETURN_TYPE = YES;
				GCC_WARN_UNUSED_VARIABLE = YES;
				IPHONEOS_DEPLOYMENT_TARGET = 5.0;
				SDKROOT = iphoneos;
			};
			name = Debug;
		};
		C3339D50134AC7B20074163A /* Release */ = {
			isa = XCBuildConfiguration;
			buildSettings = {
				"CODE_SIGN_IDENTITY[sdk=iphoneos*]" = "iPhone Developer";
				GCC_C_LANGUAGE_STANDARD = gnu99;
				GCC_PREPROCESSOR_DEFINITIONS = NDEBUG;
				GCC_VERSION = "";
				GCC_WARN_ABOUT_RETURN_TYPE = YES;
				GCC_WARN_UNUSED_VARIABLE = YES;
				IPHONEOS_DEPLOYMENT_TARGET = 5.0;
				OTHER_CFLAGS = "-DNS_BLOCK_ASSERTIONS=1";
				SDKROOT = iphoneos;
			};
			name = Release;
		};
		C3339D52134AC7B20074163A /* Debug */ = {
			isa = XCBuildConfiguration;
			buildSettings = {
				ALWAYS_SEARCH_USER_PATHS = NO;
				CLANG_ENABLE_OBJC_ARC = YES;
				COPY_PHASE_STRIP = NO;
				FRAMEWORK_SEARCH_PATHS = "$(inherited)";
				GCC_DYNAMIC_NO_PIC = NO;
				GCC_PRECOMPILE_PREFIX_HEADER = YES;
				GCC_PREFIX_HEADER = "cocos2d-filledPolygon/Prefix.pch";
				GCC_PREPROCESSOR_DEFINITIONS = (
					"DEBUG=1",
					"COCOS2D_DEBUG=1",
					"IPHONE_SDK_PROJECT=1",
				);
				GCC_VERSION = com.apple.compilers.llvm.clang.1_0;
				HEADER_SEARCH_PATHS = "~/Programming/SharedLibs/Cocos/include/**";
				INFOPLIST_FILE = "cocos2d-filledPolygon/Resources/Info.plist";
				IPHONEOS_DEPLOYMENT_TARGET = 5.0;
				LIBRARY_SEARCH_PATHS = "~/Programming/SharedLibs/Cocos/lib/**";
				OTHER_LDFLAGS = (
					"-lz",
					"-lCocos",
				);
				PRODUCT_NAME = "cocos2D-PRKit-Example";
				TARGETED_DEVICE_FAMILY = "1,2";
				WRAPPER_EXTENSION = app;
			};
			name = Debug;
		};
		C3339D53134AC7B20074163A /* Release */ = {
			isa = XCBuildConfiguration;
			buildSettings = {
				ALWAYS_SEARCH_USER_PATHS = NO;
				CLANG_ENABLE_OBJC_ARC = YES;
				COPY_PHASE_STRIP = YES;
				FRAMEWORK_SEARCH_PATHS = "$(inherited)";
				GCC_PRECOMPILE_PREFIX_HEADER = YES;
				GCC_PREFIX_HEADER = "cocos2d-filledPolygon/Prefix.pch";
				GCC_PREPROCESSOR_DEFINITIONS = (
					NDEBUG,
					"NS_BLOCK_ASSERTIONS=1",
					"DEBUG=0",
					"IPHONE_SDK_PROJECT=1",
				);
				GCC_VERSION = com.apple.compilers.llvm.clang.1_0;
				HEADER_SEARCH_PATHS = "~/Programming/SharedLibs/Cocos/include/**";
				INFOPLIST_FILE = "cocos2d-filledPolygon/Resources/Info.plist";
				IPHONEOS_DEPLOYMENT_TARGET = 5.0;
				LIBRARY_SEARCH_PATHS = "~/Programming/SharedLibs/Cocos/lib/**";
				OTHER_LDFLAGS = (
					"-lz",
					"-lCocos",
				);
				PRODUCT_NAME = "cocos2D-PRKit-Example";
				TARGETED_DEVICE_FAMILY = "1,2";
				VALIDATE_PRODUCT = YES;
				WRAPPER_EXTENSION = app;
			};
			name = Release;
		};
/* End XCBuildConfiguration section */

/* Begin XCConfigurationList section */
		C3339BE0134AC7B00074163A /* Build configuration list for PBXProject "cocos2D-PRKit-Example" */ = {
			isa = XCConfigurationList;
			buildConfigurations = (
				C3339D4F134AC7B20074163A /* Debug */,
				C3339D50134AC7B20074163A /* Release */,
			);
			defaultConfigurationIsVisible = 0;
			defaultConfigurationName = Release;
		};
		C3339D51134AC7B20074163A /* Build configuration list for PBXNativeTarget "cocos2D-PRKit-Example" */ = {
			isa = XCConfigurationList;
			buildConfigurations = (
				C3339D52134AC7B20074163A /* Debug */,
				C3339D53134AC7B20074163A /* Release */,
			);
			defaultConfigurationIsVisible = 0;
			defaultConfigurationName = Release;
		};
/* End XCConfigurationList section */
	};
	rootObject = C3339BDD134AC7B00074163A /* Project object */;
}
